
Microsoft Visual Studio Solution File, Format Version 12.00
# Visual Studio Version 17
VisualStudioVersion = 17.3.32929.1
MinimumVisualStudioVersion = 10.0.40219.1
Project("{BA4EED3A-19D1-4401-B2DA-D6416EFAF4A2}") = "Dsv2Json", "Dsv2Json\Dsv2Json.csproj", "{CE8EB9A7-6E18-4E23-82F2-8A48A8BF3422}"
EndProject
Global
	GlobalSection(SolutionConfigurationPlatforms) = preSolution
		Debug|Any CPU = Debug|Any CPU
		Release|Any CPU = Release|Any CPU
		EndGlobalSection
	GlobalSection(ProjectConfigurationPlatforms) = postSolution
		{CE8EB9A7-6E18-4E23-82F2-8A48A8BF3422}.Debug|Any CPU.ActiveCfg = Debug|Any CPU
		{CE8EB9A7-6E18-4E23-82F2-8A48A8BF3422}.Debug|Any CPU.Build.0 = Debug|Any CPU
		{CE8EB9A7-6E18-4E23-82F2-8A48A8BF3422}.Release|Any CPU.ActiveCfg = Release|Any CPU
		{CE8EB9A7-6E18-4E23-82F2-8A48A8BF3422}.Release|Any CPU.Build.0 = Release|Any CPU
		EndGlobalSection
	GlobalSection(SolutionProperties) = preSolution
		HideSolutionNode = FALSE
		EndGlobalSection
	GlobalSection(ExtensibilityGlobals) = postSolution
		SolutionGuid = {21D35059-6BA8-4333-B0E4-DC4797AB1620}
		EndGlobalSection
EndGlobal
